
Microsoft Visual Studio Solution File, Format Version 12.00
Project("{FAE04EC0-301F-11D3-BF4B-00C04F79EFBC}") = "AsteriskTower", "AsteriskTower\AsteriskTower.csproj", "{4BF1705B-8E1A-43D3-803D-B4CD990DFBDA}"
EndProject
Project("{FAE04EC0-301F-11D3-BF4B-00C04F79EFBC}") = "AsteriskTower.Tests", "AsteriskTower.Tests\AsteriskTower.Tests.csproj", "{4CCEC462-C581-4632-A663-1E0854CFE031}"
EndProject
Global
	GlobalSection(SolutionConfigurationPlatforms) = preSolution
		Debug|Any CPU = Debug|Any CPU
		Release|Any CPU = Release|Any CPU
	EndGlobalSection
	GlobalSection(ProjectConfigurationPlatforms) = postSolution
		{4BF1705B-8E1A-43D3-803D-B4CD990DFBDA}.Debug|Any CPU.ActiveCfg = Debug|Any CPU
		{4BF1705B-8E1A-43D3-803D-B4CD990DFBDA}.Debug|Any CPU.Build.0 = Debug|Any CPU
		{4BF1705B-8E1A-43D3-803D-B4CD990DFBDA}.Release|Any CPU.ActiveCfg = Release|Any CPU
		{4BF1705B-8E1A-43D3-803D-B4CD990DFBDA}.Release|Any CPU.Build.0 = Release|Any CPU
		{4CCEC462-C581-4632-A663-1E0854CFE031}.Debug|Any CPU.ActiveCfg = Debug|Any CPU
		{4CCEC462-C581-4632-A663-1E0854CFE031}.Debug|Any CPU.Build.0 = Debug|Any CPU
		{4CCEC462-C581-4632-A663-1E0854CFE031}.Release|Any CPU.ActiveCfg = Release|Any CPU
		{4CCEC462-C581-4632-A663-1E0854CFE031}.Release|Any CPU.Build.0 = Release|Any CPU
	EndGlobalSection
EndGlobal
